
Microsoft Visual Studio Solution File, Format Version 12.00
# Visual Studio 2012
Project("{FAE04EC0-301F-11D3-BF4B-00C04F79EFBC}") = "Angular4DotNet", "Angular4DotNet\Angular4DotNet.csproj", "{CD9CCEEA-4080-4E22-B5FE-9BA343FAFA43}"
EndProject
Project("{FAE04EC0-301F-11D3-BF4B-00C04F79EFBC}") = "Angular4DotNetTests", "Angular4DotNetTests\Angular4DotNetTests.csproj", "{A5FB116B-6E08-4D1E-B129-D940851E6535}"
EndProject
Global
	GlobalSection(SolutionConfigurationPlatforms) = preSolution
		Debug|Any CPU = Debug|Any CPU
		Release|Any CPU = Release|Any CPU
	EndGlobalSection
	GlobalSection(ProjectConfigurationPlatforms) = postSolution
		{CD9CCEEA-4080-4E22-B5FE-9BA343FAFA43}.Debug|Any CPU.ActiveCfg = Debug|Any CPU
		{CD9CCEEA-4080-4E22-B5FE-9BA343FAFA43}.Debug|Any CPU.Build.0 = Debug|Any CPU
		{CD9CCEEA-4080-4E22-B5FE-9BA343FAFA43}.Release|Any CPU.ActiveCfg = Release|Any CPU
		{CD9CCEEA-4080-4E22-B5FE-9BA343FAFA43}.Release|Any CPU.Build.0 = Release|Any CPU
		{A5FB116B-6E08-4D1E-B129-D940851E6535}.Debug|Any CPU.ActiveCfg = Debug|Any CPU
		{A5FB116B-6E08-4D1E-B129-D940851E6535}.Debug|Any CPU.Build.0 = Debug|Any CPU
		{A5FB116B-6E08-4D1E-B129-D940851E6535}.Release|Any CPU.ActiveCfg = Release|Any CPU
		{A5FB116B-6E08-4D1E-B129-D940851E6535}.Release|Any CPU.Build.0 = Release|Any CPU
	EndGlobalSection
	GlobalSection(SolutionProperties) = preSolution
		HideSolutionNode = FALSE
	EndGlobalSection
EndGlobal
